
Microsoft Visual Studio Solution File, Format Version 12.00
# Visual Studio Version 17
VisualStudioVersion = 17.3.32825.248
MinimumVisualStudioVersion = 10.0.40219.1
Project("{9A19103F-16F7-4668-BE54-9A1E7A4F7556}") = "ANUBISWatcher", "ANUBISWatcher.csproj", "{FBD7B5E3-E64F-4460-90C4-C26E696D2566}"
EndProject
Project("{9A19103F-16F7-4668-BE54-9A1E7A4F7556}") = "ANUBISFritzAPI", "..\ANUBISFritzAPI\ANUBISFritzAPI.csproj", "{376B24B1-CDDB-4FE4-A6C5-44404B0B91DD}"
EndProject
Project("{9A19103F-16F7-4668-BE54-9A1E7A4F7556}") = "ANUBISSwitchBotAPI", "..\ANUBISSwitchBotAPI\ANUBISSwitchBotAPI.csproj", "{B8FEC672-6B89-4C31-9470-7B9C6C9051DF}"
EndProject
Project("{9A19103F-16F7-4668-BE54-9A1E7A4F7556}") = "ANUBISClewareAPI", "..\ANUBISClewareAPI\ANUBISClewareAPI.csproj", "{CF4D86F1-714F-4C93-981A-60F85B3280C7}"
EndProject
Project("{FAE04EC0-301F-11D3-BF4B-00C04F79EFBC}") = "ANUBISConsole", "..\ANUBISConsole\ANUBISConsole.csproj", "{04B5F368-C821-420F-A254-8BDC604EECB3}"
EndProject
Global
	GlobalSection(SolutionConfigurationPlatforms) = preSolution
		Debug|Any CPU = Debug|Any CPU
		Debug|ARM32 = Debug|ARM32
		Debug|ARM64 = Debug|ARM64
		Release|Any CPU = Release|Any CPU
		Release|ARM32 = Release|ARM32
		Release|ARM64 = Release|ARM64
	EndGlobalSection
	GlobalSection(ProjectConfigurationPlatforms) = postSolution
		{FBD7B5E3-E64F-4460-90C4-C26E696D2566}.Debug|Any CPU.ActiveCfg = Debug|Any CPU
		{FBD7B5E3-E64F-4460-90C4-C26E696D2566}.Debug|Any CPU.Build.0 = Debug|Any CPU
		{FBD7B5E3-E64F-4460-90C4-C26E696D2566}.Debug|ARM32.ActiveCfg = Debug|Any CPU
		{FBD7B5E3-E64F-4460-90C4-C26E696D2566}.Debug|ARM32.Build.0 = Debug|Any CPU
		{FBD7B5E3-E64F-4460-90C4-C26E696D2566}.Debug|ARM64.ActiveCfg = Debug|Any CPU
		{FBD7B5E3-E64F-4460-90C4-C26E696D2566}.Debug|ARM64.Build.0 = Debug|Any CPU
		{FBD7B5E3-E64F-4460-90C4-C26E696D2566}.Release|Any CPU.ActiveCfg = Release|Any CPU
		{FBD7B5E3-E64F-4460-90C4-C26E696D2566}.Release|Any CPU.Build.0 = Release|Any CPU
		{FBD7B5E3-E64F-4460-90C4-C26E696D2566}.Release|ARM32.ActiveCfg = Release|Any CPU
		{FBD7B5E3-E64F-4460-90C4-C26E696D2566}.Release|ARM32.Build.0 = Release|Any CPU
		{FBD7B5E3-E64F-4460-90C4-C26E696D2566}.Release|ARM64.ActiveCfg = Release|Any CPU
		{FBD7B5E3-E64F-4460-90C4-C26E696D2566}.Release|ARM64.Build.0 = Release|Any CPU
		{376B24B1-CDDB-4FE4-A6C5-44404B0B91DD}.Debug|Any CPU.ActiveCfg = Debug|Any CPU
		{376B24B1-CDDB-4FE4-A6C5-44404B0B91DD}.Debug|Any CPU.Build.0 = Debug|Any CPU
		{376B24B1-CDDB-4FE4-A6C5-44404B0B91DD}.Debug|ARM32.ActiveCfg = Debug|Any CPU
		{376B24B1-CDDB-4FE4-A6C5-44404B0B91DD}.Debug|ARM32.Build.0 = Debug|Any CPU
		{376B24B1-CDDB-4FE4-A6C5-44404B0B91DD}.Debug|ARM64.ActiveCfg = Debug|Any CPU
		{376B24B1-CDDB-4FE4-A6C5-44404B0B91DD}.Debug|ARM64.Build.0 = Debug|Any CPU
		{376B24B1-CDDB-4FE4-A6C5-44404B0B91DD}.Release|Any CPU.ActiveCfg = Release|Any CPU
		{376B24B1-CDDB-4FE4-A6C5-44404B0B91DD}.Release|Any CPU.Build.0 = Release|Any CPU
		{376B24B1-CDDB-4FE4-A6C5-44404B0B91DD}.Release|ARM32.ActiveCfg = Release|Any CPU
		{376B24B1-CDDB-4FE4-A6C5-44404B0B91DD}.Release|ARM32.Build.0 = Release|Any CPU
		{376B24B1-CDDB-4FE4-A6C5-44404B0B91DD}.Release|ARM64.ActiveCfg = Release|Any CPU
		{376B24B1-CDDB-4FE4-A6C5-44404B0B91DD}.Release|ARM64.Build.0 = Release|Any CPU
		{B8FEC672-6B89-4C31-9470-7B9C6C9051DF}.Debug|Any CPU.ActiveCfg = Debug|Any CPU
		{B8FEC672-6B89-4C31-9470-7B9C6C9051DF}.Debug|Any CPU.Build.0 = Debug|Any CPU
		{B8FEC672-6B89-4C31-9470-7B9C6C9051DF}.Debug|ARM32.ActiveCfg = Debug|Any CPU
		{B8FEC672-6B89-4C31-9470-7B9C6C9051DF}.Debug|ARM32.Build.0 = Debug|Any CPU
		{B8FEC672-6B89-4C31-9470-7B9C6C9051DF}.Debug|ARM64.ActiveCfg = Debug|Any CPU
		{B8FEC672-6B89-4C31-9470-7B9C6C9051DF}.Debug|ARM64.Build.0 = Debug|Any CPU
		{B8FEC672-6B89-4C31-9470-7B9C6C9051DF}.Release|Any CPU.ActiveCfg = Release|Any CPU
		{B8FEC672-6B89-4C31-9470-7B9C6C9051DF}.Release|Any CPU.Build.0 = Release|Any CPU
		{B8FEC672-6B89-4C31-9470-7B9C6C9051DF}.Release|ARM32.ActiveCfg = Release|Any CPU
		{B8FEC672-6B89-4C31-9470-7B9C6C9051DF}.Release|ARM32.Build.0 = Release|Any CPU
		{B8FEC672-6B89-4C31-9470-7B9C6C9051DF}.Release|ARM64.ActiveCfg = Release|Any CPU
		{B8FEC672-6B89-4C31-9470-7B9C6C9051DF}.Release|ARM64.Build.0 = Release|Any CPU
		{CF4D86F1-714F-4C93-981A-60F85B3280C7}.Debug|Any CPU.ActiveCfg = Debug|Any CPU
		{CF4D86F1-714F-4C93-981A-60F85B3280C7}.Debug|Any CPU.Build.0 = Debug|Any CPU
		{CF4D86F1-714F-4C93-981A-60F85B3280C7}.Debug|ARM32.ActiveCfg = Debug|ARM32
		{CF4D86F1-714F-4C93-981A-60F85B3280C7}.Debug|ARM32.Build.0 = Debug|ARM32
		{CF4D86F1-714F-4C93-981A-60F85B3280C7}.Debug|ARM64.ActiveCfg = Debug|ARM64
		{CF4D86F1-714F-4C93-981A-60F85B3280C7}.Debug|ARM64.Build.0 = Debug|ARM64
		{CF4D86F1-714F-4C93-981A-60F85B3280C7}.Release|Any CPU.ActiveCfg = Release|Any CPU
		{CF4D86F1-714F-4C93-981A-60F85B3280C7}.Release|Any CPU.Build.0 = Release|Any CPU
		{CF4D86F1-714F-4C93-981A-60F85B3280C7}.Release|ARM32.ActiveCfg = Release|ARM32
		{CF4D86F1-714F-4C93-981A-60F85B3280C7}.Release|ARM32.Build.0 = Release|ARM32
		{CF4D86F1-714F-4C93-981A-60F85B3280C7}.Release|ARM64.ActiveCfg = Release|ARM64
		{CF4D86F1-714F-4C93-981A-60F85B3280C7}.Release|ARM64.Build.0 = Release|ARM64
		{04B5F368-C821-420F-A254-8BDC604EECB3}.Debug|Any CPU.ActiveCfg = Debug|Any CPU
		{04B5F368-C821-420F-A254-8BDC604EECB3}.Debug|Any CPU.Build.0 = Debug|Any CPU
		{04B5F368-C821-420F-A254-8BDC604EECB3}.Debug|ARM32.ActiveCfg = Debug|Any CPU
		{04B5F368-C821-420F-A254-8BDC604EECB3}.Debug|ARM32.Build.0 = Debug|Any CPU
		{04B5F368-C821-420F-A254-8BDC604EECB3}.Debug|ARM64.ActiveCfg = Debug|Any CPU
		{04B5F368-C821-420F-A254-8BDC604EECB3}.Debug|ARM64.Build.0 = Debug|Any CPU
		{04B5F368-C821-420F-A254-8BDC604EECB3}.Release|Any CPU.ActiveCfg = Release|Any CPU
		{04B5F368-C821-420F-A254-8BDC604EECB3}.Release|Any CPU.Build.0 = Release|Any CPU
		{04B5F368-C821-420F-A254-8BDC604EECB3}.Release|ARM32.ActiveCfg = Release|Any CPU
		{04B5F368-C821-420F-A254-8BDC604EECB3}.Release|ARM32.Build.0 = Release|Any CPU
		{04B5F368-C821-420F-A254-8BDC604EECB3}.Release|ARM64.ActiveCfg = Release|Any CPU
		{04B5F368-C821-420F-A254-8BDC604EECB3}.Release|ARM64.Build.0 = Release|Any CPU
	EndGlobalSection
	GlobalSection(SolutionProperties) = preSolution
		HideSolutionNode = FALSE
	EndGlobalSection
	GlobalSection(ExtensibilityGlobals) = postSolution
		SolutionGuid = {289FC614-AA3E-4AF9-8FEB-525795696B63}
	EndGlobalSection
EndGlobal
